// !$*UTF8*$!
{
	archiveVersion = 1;
	classes = {
	};
	objectVersion = 50;
	objects = {

/* Begin PBXBuildFile section */
		28607B54224D8F100078AFE2 /* AppDelegate.swift in Sources */ = {isa = PBXBuildFile; fileRef = 28607B53224D8F100078AFE2 /* AppDelegate.swift */; };
		28607B56224D8F100078AFE2 /* ViewController.swift in Sources */ = {isa = PBXBuildFile; fileRef = 28607B55224D8F100078AFE2 /* ViewController.swift */; };
		28607B59224D8F100078AFE2 /* Main.storyboard in Resources */ = {isa = PBXBuildFile; fileRef = 28607B57224D8F100078AFE2 /* Main.storyboard */; };
		28607B5B224D8F130078AFE2 /* Assets.xcassets in Resources */ = {isa = PBXBuildFile; fileRef = 28607B5A224D8F130078AFE2 /* Assets.xcassets */; };
		28607B5E224D8F130078AFE2 /* LaunchScreen.storyboard in Resources */ = {isa = PBXBuildFile; fileRef = 28607B5C224D8F130078AFE2 /* LaunchScreen.storyboard */; };
		28607B69224D8F130078AFE2 /* IntroductionTests.swift in Sources */ = {isa = PBXBuildFile; fileRef = 28607B68224D8F130078AFE2 /* IntroductionTests.swift */; };
/* End PBXBuildFile section */

/* Begin PBXContainerItemProxy section */
		28607B65224D8F130078AFE2 /* PBXContainerItemProxy */ = {
			isa = PBXContainerItemProxy;
			containerPortal = 28607B48224D8F100078AFE2 /* Project object */;
			proxyType = 1;
			remoteGlobalIDString = 28607B4F224D8F100078AFE2;
			remoteInfo = Introduction;
		};
/* End PBXContainerItemProxy section */

/* Begin PBXFileReference section */
		28607B50224D8F100078AFE2 /* Introduction.app */ = {isa = PBXFileReference; explicitFileType = wrapper.application; includeInIndex = 0; path = Introduction.app; sourceTree = BUILT_PRODUCTS_DIR; };
		28607B53224D8F100078AFE2 /* AppDelegate.swift */ = {isa = PBXFileReference; lastKnownFileType = sourcecode.swift; path = AppDelegate.swift; sourceTree = "<group>"; };
		28607B55224D8F100078AFE2 /* ViewController.swift */ = {isa = PBXFileReference; lastKnownFileType = sourcecode.swift; path = ViewController.swift; sourceTree = "<group>"; };
		28607B58224D8F100078AFE2 /* Base */ = {isa = PBXFileReference; lastKnownFileType = file.storyboard; name = Base; path = Base.lproj/Main.storyboard; sourceTree = "<group>"; };
		28607B5A224D8F130078AFE2 /* Assets.xcassets */ = {isa = PBXFileReference; lastKnownFileType = folder.assetcatalog; path = Assets.xcassets; sourceTree = "<group>"; };
		28607B5D224D8F130078AFE2 /* Base */ = {isa = PBXFileReference; lastKnownFileType = file.storyboard; name = Base; path = Base.lproj/LaunchScreen.storyboard; sourceTree = "<group>"; };
		28607B5F224D8F130078AFE2 /* Info.plist */ = {isa = PBXFileReference; lastKnownFileType = text.plist.xml; path = Info.plist; sourceTree = "<group>"; };
		28607B64224D8F130078AFE2 /* IntroductionTests.xctest */ = {isa = PBXFileReference; explicitFileType = wrapper.cfbundle; includeInIndex = 0; path = IntroductionTests.xctest; sourceTree = BUILT_PRODUCTS_DIR; };
		28607B68224D8F130078AFE2 /* IntroductionTests.swift */ = {isa = PBXFileReference; lastKnownFileType = sourcecode.swift; path = IntroductionTests.swift; sourceTree = "<group>"; };
		28607B6A224D8F130078AFE2 /* Info.plist */ = {isa = PBXFileReference; lastKnownFileType = text.plist.xml; path = Info.plist; sourceTree = "<group>"; };
/* End PBXFileReference section */

/* Begin PBXFrameworksBuildPhase section */
		28607B4D224D8F100078AFE2 /* Frameworks */ = {
			isa = PBXFrameworksBuildPhase;
			buildActionMask = 2147483647;
			files = (
			);
			runOnlyForDeploymentPostprocessing = 0;
		};
		28607B61224D8F130078AFE2 /* Frameworks */ = {
			isa = PBXFrameworksBuildPhase;
			buildActionMask = 2147483647;
			files = (
			);
			runOnlyForDeploymentPostprocessing = 0;
		};
/* End PBXFrameworksBuildPhase section */

/* Begin PBXGroup section */
		28607B47224D8F100078AFE2 = {
			isa = PBXGroup;
			children = (
				28607B52224D8F100078AFE2 /* Introduction */,
				28607B67224D8F130078AFE2 /* IntroductionTests */,
				28607B51224D8F100078AFE2 /* Products */,
			);
			sourceTree = "<group>";
		};
		28607B51224D8F100078AFE2 /* Products */ = {
			isa = PBXGroup;
			children = (
				28607B50224D8F100078AFE2 /* Introduction.app */,
				28607B64224D8F130078AFE2 /* IntroductionTests.xctest */,
			);
			name = Products;
			sourceTree = "<group>";
		};
		28607B52224D8F100078AFE2 /* Introduction */ = {
			isa = PBXGroup;
			children = (
				28607B53224D8F100078AFE2 /* AppDelegate.swift */,
				28607B55224D8F100078AFE2 /* ViewController.swift */,
				28607B57224D8F100078AFE2 /* Main.storyboard */,
				28607B5A224D8F130078AFE2 /* Assets.xcassets */,
				28607B5C224D8F130078AFE2 /* LaunchScreen.storyboard */,
				28607B5F224D8F130078AFE2 /* Info.plist */,
			);
			path = Introduction;
			sourceTree = "<group>";
		};
		28607B67224D8F130078AFE2 /* IntroductionTests */ = {
			isa = PBXGroup;
			children = (
				28607B68224D8F130078AFE2 /* IntroductionTests.swift */,
				28607B6A224D8F130078AFE2 /* Info.plist */,
			);
			path = IntroductionTests;
			sourceTree = "<group>";
		};
/* End PBXGroup section */

/* Begin PBXNativeTarget section */
		28607B4F224D8F100078AFE2 /* Introduction */ = {
			isa = PBXNativeTarget;
			buildConfigurationList = 28607B6D224D8F130078AFE2 /* Build configuration list for PBXNativeTarget "Introduction" */;
			buildPhases = (
				28607B4C224D8F100078AFE2 /* Sources */,
				28607B4D224D8F100078AFE2 /* Frameworks */,
				28607B4E224D8F100078AFE2 /* Resources */,
			);
			buildRules = (
			);
			dependencies = (
			);
			name = Introduction;
			productName = Introduction;
			productReference = 28607B50224D8F100078AFE2 /* Introduction.app */;
			productType = "com.apple.product-type.application";
		};
		28607B63224D8F130078AFE2 /* IntroductionTests */ = {
			isa = PBXNativeTarget;
			buildConfigurationList = 28607B70224D8F130078AFE2 /* Build configuration list for PBXNativeTarget "IntroductionTests" */;
			buildPhases = (
				28607B60224D8F130078AFE2 /* Sources */,
				28607B61224D8F130078AFE2 /* Frameworks */,
				28607B62224D8F130078AFE2 /* Resources */,
			);
			buildRules = (
			);
			dependencies = (
				28607B66224D8F130078AFE2 /* PBXTargetDependency */,
			);
			name = IntroductionTests;
			productName = IntroductionTests;
			productReference = 28607B64224D8F130078AFE2 /* IntroductionTests.xctest */;
			productType = "com.apple.product-type.bundle.unit-test";
		};
/* End PBXNativeTarget section */

/* Begin PBXProject section */
		28607B48224D8F100078AFE2 /* Project object */ = {
			isa = PBXProject;
			attributes = {
				LastSwiftUpdateCheck = 1010;
				LastUpgradeCheck = 1010;
				ORGANIZATIONNAME = "Coding Buddies";
				TargetAttributes = {
					28607B4F224D8F100078AFE2 = {
						CreatedOnToolsVersion = 10.1;
					};
					28607B63224D8F130078AFE2 = {
						CreatedOnToolsVersion = 10.1;
						TestTargetID = 28607B4F224D8F100078AFE2;
					};
				};
			};
			buildConfigurationList = 28607B4B224D8F100078AFE2 /* Build configuration list for PBXProject "Introduction" */;
			compatibilityVersion = "Xcode 9.3";
			developmentRegion = en;
			hasScannedForEncodings = 0;
			knownRegions = (
				en,
				Base,
			);
			mainGroup = 28607B47224D8F100078AFE2;
			productRefGroup = 28607B51224D8F100078AFE2 /* Products */;
			projectDirPath = "";
			projectRoot = "";
			targets = (
				28607B4F224D8F100078AFE2 /* Introduction */,
				28607B63224D8F130078AFE2 /* IntroductionTests */,
			);
		};
/* End PBXProject section */

/* Begin PBXResourcesBuildPhase section */
		28607B4E224D8F100078AFE2 /* Resources */ = {
			isa = PBXResourcesBuildPhase;
			buildActionMask = 2147483647;
			files = (
				28607B5E224D8F130078AFE2 /* LaunchScreen.storyboard in Resources */,
				28607B5B224D8F130078AFE2 /* Assets.xcassets in Resources */,
				28607B59224D8F100078AFE2 /* Main.storyboard in Resources */,
			);
			runOnlyForDeploymentPostprocessing = 0;
		};
		28607B62224D8F130078AFE2 /* Resources */ = {
			isa = PBXResourcesBuildPhase;
			buildActionMask = 2147483647;
			files = (
			);
			runOnlyForDeploymentPostprocessing = 0;
		};
/* End PBXResourcesBuildPhase section */

/* Begin PBXSourcesBuildPhase section */
		28607B4C224D8F100078AFE2 /* Sources */ = {
			isa = PBXSourcesBuildPhase;
			buildActionMask = 2147483647;
			files = (
				28607B56224D8F100078AFE2 /* ViewController.swift in Sources */,
				28607B54224D8F100078AFE2 /* AppDelegate.swift in Sources */,
			);
			runOnlyForDeploymentPostprocessing = 0;
		};
		28607B60224D8F130078AFE2 /* Sources */ = {
			isa = PBXSourcesBuildPhase;
			buildActionMask = 2147483647;
			files = (
				28607B69224D8F130078AFE2 /* IntroductionTests.swift in Sources */,
			);
			runOnlyForDeploymentPostprocessing = 0;
		};
/* End PBXSourcesBuildPhase section */

/* Begin PBXTargetDependency section */
		28607B66224D8F130078AFE2 /* PBXTargetDependency */ = {
			isa = PBXTargetDependency;
			target = 28607B4F224D8F100078AFE2 /* Introduction */;
			targetProxy = 28607B65224D8F130078AFE2 /* PBXContainerItemProxy */;
		};
/* End PBXTargetDependency section */

/* Begin PBXVariantGroup section */
		28607B57224D8F100078AFE2 /* Main.storyboard */ = {
			isa = PBXVariantGroup;
			children = (
				28607B58224D8F100078AFE2 /* Base */,
			);
			name = Main.storyboard;
			sourceTree = "<group>";
		};
		28607B5C224D8F130078AFE2 /* LaunchScreen.storyboard */ = {
			isa = PBXVariantGroup;
			children = (
				28607B5D224D8F130078AFE2 /* Base */,
			);
			name = LaunchScreen.storyboard;
			sourceTree = "<group>";
		};
/* End PBXVariantGroup section */

/* Begin XCBuildConfiguration section */
		28607B6B224D8F130078AFE2 /* Debug */ = {
			isa = XCBuildConfiguration;
			buildSettings = {
				ALWAYS_SEARCH_USER_PATHS = NO;
				CLANG_ANALYZER_NONNULL = YES;
				CLANG_ANALYZER_NUMBER_OBJECT_CONVERSION = YES_AGGRESSIVE;
				CLANG_CXX_LANGUAGE_STANDARD = "gnu++14";
				CLANG_CXX_LIBRARY = "libc++";
				CLANG_ENABLE_MODULES = YES;
				CLANG_ENABLE_OBJC_ARC = YES;
				CLANG_ENABLE_OBJC_WEAK = YES;
				CLANG_WARN_BLOCK_CAPTURE_AUTORELEASING = YES;
				CLANG_WARN_BOOL_CONVERSION = YES;
				CLANG_WARN_COMMA = YES;
				CLANG_WARN_CONSTANT_CONVERSION = YES;
				CLANG_WARN_DEPRECATED_OBJC_IMPLEMENTATIONS = YES;
				CLANG_WARN_DIRECT_OBJC_ISA_USAGE = YES_ERROR;
				CLANG_WARN_DOCUMENTATION_COMMENTS = YES;
				CLANG_WARN_EMPTY_BODY = YES;
				CLANG_WARN_ENUM_CONVERSION = YES;
				CLANG_WARN_INFINITE_RECURSION = YES;
				CLANG_WARN_INT_CONVERSION = YES;
				CLANG_WARN_NON_LITERAL_NULL_CONVERSION = YES;
				CLANG_WARN_OBJC_IMPLICIT_RETAIN_SELF = YES;
				CLANG_WARN_OBJC_LITERAL_CONVERSION = YES;
				CLANG_WARN_OBJC_ROOT_CLASS = YES_ERROR;
				CLANG_WARN_RANGE_LOOP_ANALYSIS = YES;
				CLANG_WARN_STRICT_PROTOTYPES = YES;
				CLANG_WARN_SUSPICIOUS_MOVE = YES;
				CLANG_WARN_UNGUARDED_AVAILABILITY = YES_AGGRESSIVE;
				CLANG_WARN_UNREACHABLE_CODE = YES;
				CLANG_WARN__DUPLICATE_METHOD_MATCH = YES;
				CODE_SIGN_IDENTITY = "iPhone Developer";
				COPY_PHASE_STRIP = NO;
				DEBUG_INFORMATION_FORMAT = dwarf;
				ENABLE_STRICT_OBJC_MSGSEND = YES;
				ENABLE_TESTABILITY = YES;
				GCC_C_LANGUAGE_STANDARD = gnu11;
				GCC_DYNAMIC_NO_PIC = NO;
				GCC_NO_COMMON_BLOCKS = YES;
				GCC_OPTIMIZATION_LEVEL = 0;
				GCC_PREPROCESSOR_DEFINITIONS = (
					"DEBUG=1",
					"$(inherited)",
				);
				GCC_WARN_64_TO_32_BIT_CONVERSION = YES;
				GCC_WARN_ABOUT_RETURN_TYPE = YES_ERROR;
				GCC_WARN_UNDECLARED_SELECTOR = YES;
				GCC_WARN_UNINITIALIZED_AUTOS = YES_AGGRESSIVE;
				GCC_WARN_UNUSED_FUNCTION = YES;
				GCC_WARN_UNUSED_VARIABLE = YES;
				IPHONEOS_DEPLOYMENT_TARGET = 12.1;
				MTL_ENABLE_DEBUG_INFO = INCLUDE_SOURCE;
				MTL_FAST_MATH = YES;
				ONLY_ACTIVE_ARCH = YES;
				SDKROOT = iphoneos;
				SWIFT_ACTIVE_COMPILATION_CONDITIONS = DEBUG;
				SWIFT_OPTIMIZATION_LEVEL = "-Onone";
			};
			name = Debug;
		};
		28607B6C224D8F130078AFE2 /* Release */ = {
			isa = XCBuildConfiguration;
			buildSettings = {
				ALWAYS_SEARCH_USER_PATHS = NO;
				CLANG_ANALYZER_NONNULL = YES;
				CLANG_ANALYZER_NUMBER_OBJECT_CONVERSION = YES_AGGRESSIVE;
				CLANG_CXX_LANGUAGE_STANDARD = "gnu++14";
				CLANG_CXX_LIBRARY = "libc++";
				CLANG_ENABLE_MODULES = YES;
				CLANG_ENABLE_OBJC_ARC = YES;
				CLANG_ENABLE_OBJC_WEAK = YES;
				CLANG_WARN_BLOCK_CAPTURE_AUTORELEASING = YES;
				CLANG_WARN_BOOL_CONVERSION = YES;
				CLANG_WARN_COMMA = YES;
				CLANG_WARN_CONSTANT_CONVERSION = YES;
				CLANG_WARN_DEPRECATED_OBJC_IMPLEMENTATIONS = YES;
				CLANG_WARN_DIRECT_OBJC_ISA_USAGE = YES_ERROR;
				CLANG_WARN_DOCUMENTATION_COMMENTS = YES;
				CLANG_WARN_EMPTY_BODY = YES;
				CLANG_WARN_ENUM_CONVERSION = YES;
				CLANG_WARN_INFINITE_RECURSION = YES;
				CLANG_WARN_INT_CONVERSION = YES;
				CLANG_WARN_NON_LITERAL_NULL_CONVERSION = YES;
				CLANG_WARN_OBJC_IMPLICIT_RETAIN_SELF = YES;
				CLANG_WARN_OBJC_LITERAL_CONVERSION = YES;
				CLANG_WARN_OBJC_ROOT_CLASS = YES_ERROR;
				CLANG_WARN_RANGE_LOOP_ANALYSIS = YES;
				CLANG_WARN_STRICT_PROTOTYPES = YES;
				CLANG_WARN_SUSPICIOUS_MOVE = YES;
				CLANG_WARN_UNGUARDED_AVAILABILITY = YES_AGGRESSIVE;
				CLANG_WARN_UNREACHABLE_CODE = YES;
				CLANG_WARN__DUPLICATE_METHOD_MATCH = YES;
				CODE_SIGN_IDENTITY = "iPhone Developer";
				COPY_PHASE_STRIP = NO;
				DEBUG_INFORMATION_FORMAT = "dwarf-with-dsym";
				ENABLE_NS_ASSERTIONS = NO;
				ENABLE_STRICT_OBJC_MSGSEND = YES;
				GCC_C_LANGUAGE_STANDARD = gnu11;
				GCC_NO_COMMON_BLOCKS = YES;
				GCC_WARN_64_TO_32_BIT_CONVERSION = YES;
				GCC_WARN_ABOUT_RETURN_TYPE = YES_ERROR;
				GCC_WARN_UNDECLARED_SELECTOR = YES;
				GCC_WARN_UNINITIALIZED_AUTOS = YES_AGGRESSIVE;
				GCC_WARN_UNUSED_FUNCTION = YES;
				GCC_WARN_UNUSED_VARIABLE = YES;
				IPHONEOS_DEPLOYMENT_TARGET = 12.1;
				MTL_ENABLE_DEBUG_INFO = NO;
				MTL_FAST_MATH = YES;
				SDKROOT = iphoneos;
				SWIFT_COMPILATION_MODE = wholemodule;
				SWIFT_OPTIMIZATION_LEVEL = "-O";
				VALIDATE_PRODUCT = YES;
			};
			name = Release;
		};
		28607B6E224D8F130078AFE2 /* Debug */ = {
			isa = XCBuildConfiguration;
			buildSettings = {
				ASSETCATALOG_COMPILER_APPICON_NAME = AppIcon;
				CODE_SIGN_STYLE = Automatic;
				INFOPLIST_FILE = Introduction/Info.plist;
				LD_RUNPATH_SEARCH_PATHS = (
					"$(inherited)",
					"@executable_path/Frameworks",
				);
				PRODUCT_BUNDLE_IDENTIFIER = com.codingbuddies.Introduction;
				PRODUCT_NAME = "$(TARGET_NAME)";
				SWIFT_VERSION = 4.2;
				TARGETED_DEVICE_FAMILY = "1,2";
			};
			name = Debug;
		};
		28607B6F224D8F130078AFE2 /* Release */ = {
			isa = XCBuildConfiguration;
			buildSettings = {
				ASSETCATALOG_COMPILER_APPICON_NAME = AppIcon;
				CODE_SIGN_STYLE = Automatic;
				INFOPLIST_FILE = Introduction/Info.plist;
				LD_RUNPATH_SEARCH_PATHS = (
					"$(inherited)",
					"@executable_path/Frameworks",
				);
				PRODUCT_BUNDLE_IDENTIFIER = com.codingbuddies.Introduction;
				PRODUCT_NAME = "$(TARGET_NAME)";
				SWIFT_VERSION = 4.2;
				TARGETED_DEVICE_FAMILY = "1,2";
			};
			name = Release;
		};
		28607B71224D8F130078AFE2 /* Debug */ = {
			isa = XCBuildConfiguration;
			buildSettings = {
				ALWAYS_EMBED_SWIFT_STANDARD_LIBRARIES = YES;
				BUNDLE_LOADER = "$(TEST_HOST)";
				CODE_SIGN_STYLE = Automatic;
				INFOPLIST_FILE = IntroductionTests/Info.plist;
				LD_RUNPATH_SEARCH_PATHS = (
					"$(inherited)",
					"@executable_path/Frameworks",
					"@loader_path/Frameworks",
				);
				PRODUCT_BUNDLE_IDENTIFIER = com.codingbuddies.IntroductionTests;
				PRODUCT_NAME = "$(TARGET_NAME)";
				SWIFT_VERSION = 4.2;
				TARGETED_DEVICE_FAMILY = "1,2";
				TEST_HOST = "$(BUILT_PRODUCTS_DIR)/Introduction.app/Introduction";
			};
			name = Debug;
		};
		28607B72224D8F130078AFE2 /* Release */ = {
			isa = XCBuildConfiguration;
			buildSettings = {
				ALWAYS_EMBED_SWIFT_STANDARD_LIBRARIES = YES;
				BUNDLE_LOADER = "$(TEST_HOST)";
				CODE_SIGN_STYLE = Automatic;
				INFOPLIST_FILE = IntroductionTests/Info.plist;
				LD_RUNPATH_SEARCH_PATHS = (
					"$(inherited)",
					"@executable_path/Frameworks",
					"@loader_path/Frameworks",
				);
				PRODUCT_BUNDLE_IDENTIFIER = com.codingbuddies.IntroductionTests;
				PRODUCT_NAME = "$(TARGET_NAME)";
				SWIFT_VERSION = 4.2;
				TARGETED_DEVICE_FAMILY = "1,2";
				TEST_HOST = "$(BUILT_PRODUCTS_DIR)/Introduction.app/Introduction";
			};
			name = Release;
		};
/* End XCBuildConfiguration section */

/* Begin XCConfigurationList section */
		28607B4B224D8F100078AFE2 /* Build configuration list for PBXProject "Introduction" */ = {
			isa = XCConfigurationList;
			buildConfigurations = (
				28607B6B224D8F130078AFE2 /* Debug */,
				28607B6C224D8F130078AFE2 /* Release */,
			);
			defaultConfigurationIsVisible = 0;
			defaultConfigurationName = Release;
		};
		28607B6D224D8F130078AFE2 /* Build configuration list for PBXNativeTarget "Introduction" */ = {
			isa = XCConfigurationList;
			buildConfigurations = (
				28607B6E224D8F130078AFE2 /* Debug */,
				28607B6F224D8F130078AFE2 /* Release */,
			);
			defaultConfigurationIsVisible = 0;
			defaultConfigurationName = Release;
		};
		28607B70224D8F130078AFE2 /* Build configuration list for PBXNativeTarget "IntroductionTests" */ = {
			isa = XCConfigurationList;
			buildConfigurations = (
				28607B71224D8F130078AFE2 /* Debug */,
				28607B72224D8F130078AFE2 /* Release */,
			);
			defaultConfigurationIsVisible = 0;
			defaultConfigurationName = Release;
		};
/* End XCConfigurationList section */
	};
	rootObject = 28607B48224D8F100078AFE2 /* Project object */;
}
